schema: '2.0'
stages:
  make_dataset:
    cmd: python ./src/data/make_dataset.py
    deps:
    - path: params.yaml
      hash: md5
      md5: 5c6e8d2ba1da241d889f85d99d433a8c
      size: 192
    - path: src/data/make_dataset.py
      hash: md5
      md5: ea6256291a7408591867ae137aad398c
      size: 4034
    outs:
    - path: data/raw
      hash: md5
      md5: efdb4201289eb1fb5bd3af4a306d9949.dir
      size: 3116255
      nfiles: 2
  process_data:
    cmd: python ./src/data/process_data.py
    deps:
    - path: data/raw
      hash: md5
      md5: efdb4201289eb1fb5bd3af4a306d9949.dir
      size: 3116255
      nfiles: 2
    - path: src/data/process_data.py
      hash: md5
      md5: 9e7e17c166b1907f3c7960ecaa4eb75b
      size: 5023
    outs:
    - path: data/processed
      hash: md5
      md5: b7f58cd05489e4fce964fa97d70d5868.dir
      size: 2151244
      nfiles: 2
  build_features:
    cmd: python ./src/features/build_features.py
    deps:
    - path: data/processed
      hash: md5
      md5: b7f58cd05489e4fce964fa97d70d5868.dir
      size: 2151244
      nfiles: 2
    - path: src/features/build_features.py
      hash: md5
      md5: b159506871ba36902249bb2048ab892b
      size: 5188
    outs:
    - path: data/features
      hash: md5
      md5: 79a2a05041f540e556c59738276e936b.dir
      size: 8120594
      nfiles: 2
  train_model:
    cmd: python ./src/models/train_model.py
    deps:
    - path: data/features
      hash: md5
      md5: 79a2a05041f540e556c59738276e936b.dir
      size: 8120594
      nfiles: 2
    - path: src/models/train_model.py
      hash: md5
      md5: fd2caf4b5cb34f648084bb4a744242d6
      size: 2479
    outs:
    - path: models/trained_model.pkl
      hash: md5
      md5: 25eb439ee1e2e890a9f1e8e9078114bf
      size: 442136
  predict_model:
    cmd: python ./src/models/predict_model.py
    deps:
    - path: ./data/features/feature_test_data.csv
      hash: md5
      md5: a6012b7881343d33c6c9fa31807ff892
      size: 3248297
    - path: ./models/trained_model.pkl
      hash: md5
      md5: 25eb439ee1e2e890a9f1e8e9078114bf
      size: 442136
    - path: ./src/models/predict_model.py
      hash: md5
      md5: 9b9e008e52c935ab3460aa6f9e34a138
      size: 4902
    outs:
    - path: ./data/predictions/predicted_results.csv
      hash: md5
      md5: 27f3382da37c3db9529d54b4b185daf9
      size: 3280313
