schema: '2.0'
stages:
  make_dataset:
    cmd: python ./src/data/make_dataset.py
    deps:
    - path: params.yaml
      hash: md5
      md5: 9c9f952eead6b393b91004b4aaf79d5b
      size: 193
    - path: src/data/make_dataset.py
      hash: md5
      md5: ea6256291a7408591867ae137aad398c
      size: 4034
    outs:
    - path: data/raw
      hash: md5
      md5: 75d1b9fb31cbf4dfed212a511cc11a3f.dir
      size: 3116255
      nfiles: 2
  process_data:
    cmd: python ./src/data/process_data.py
    deps:
    - path: data/raw
      hash: md5
      md5: 75d1b9fb31cbf4dfed212a511cc11a3f.dir
      size: 3116255
      nfiles: 2
    - path: src/data/process_data.py
      hash: md5
      md5: 9e7e17c166b1907f3c7960ecaa4eb75b
      size: 5023
    outs:
    - path: data/processed
      hash: md5
      md5: e41abfc1a893a4a280ed048c7cbcd63c.dir
      size: 2151244
      nfiles: 2
  build_features:
    cmd: python ./src/features/build_features.py
    deps:
    - path: data/processed
      hash: md5
      md5: e41abfc1a893a4a280ed048c7cbcd63c.dir
      size: 2151244
      nfiles: 2
    - path: src/features/build_features.py
      hash: md5
      md5: b159506871ba36902249bb2048ab892b
      size: 5188
    outs:
    - path: data/features
      hash: md5
      md5: 2a81b889b56f160b726ed5feb6a5f0ff.dir
      size: 16121394
      nfiles: 2
  train_model:
    cmd: python ./src/models/train_model.py
    deps:
    - path: data/features
      hash: md5
      md5: 2a81b889b56f160b726ed5feb6a5f0ff.dir
      size: 16121394
      nfiles: 2
    - path: src/models/train_model.py
      hash: md5
      md5: fd2caf4b5cb34f648084bb4a744242d6
      size: 2479
    outs:
    - path: models/trained_model.pkl
      hash: md5
      md5: 7ed340b5eb624285c4920ccbedbb75d1
      size: 540105
  predict_model:
    cmd: python ./src/models/predict_model.py
    deps:
    - path: ./data/features/feature_test_data.csv
      hash: md5
      md5: 0db9e41f6e817489dbf4b06b93ede26a
      size: 8060697
    - path: ./models/trained_model.pkl
      hash: md5
      md5: 7ed340b5eb624285c4920ccbedbb75d1
      size: 540105
    - path: ./src/models/predict_model.py
      hash: md5
      md5: 9b9e008e52c935ab3460aa6f9e34a138
      size: 4902
    outs:
    - path: ./data/predictions/predicted_results.csv
      hash: md5
      md5: d303f8fb9359ecf92a4c84f7961d6f0c
      size: 8100713
